
Microsoft Visual Studio Solution File, Format Version 12.00
# Visual Studio Version 18
VisualStudioVersion = 18.4.11626.88
MinimumVisualStudioVersion = 10.0.40219.1
Project("{FAE04EC0-301F-11D3-BF4B-00C04F79EFBC}") = "crystal-radio", "crystal-radio.csproj", "{75312ED6-73FE-B7A1-F278-713788DFD6AB}"
EndProject
Project("{2150E333-8FDC-42A3-9474-1A3956D46DE8}") = "tools", "tools", "{07C2787E-EAC7-C090-1BA3-A61EC2A24D84}"
EndProject
Project("{FAE04EC0-301F-11D3-BF4B-00C04F79EFBC}") = "BassProbe", "tools\BassProbe\BassProbe.csproj", "{2C555B5E-282F-442E-900E-59D4A6FFBA6D}"
EndProject
Project("{2150E333-8FDC-42A3-9474-1A3956D46DE8}") = "src", "src", "{827E0CD3-B72D-47B6-A68D-7590B98EB39B}"
EndProject
Project("{FAE04EC0-301F-11D3-BF4B-00C04F79EFBC}") = "RadioPlayer.Core", "src\RadioPlayer.Core\RadioPlayer.Core.csproj", "{F5E61366-8D31-426D-89F9-35CFD79266B8}"
EndProject
Project("{FAE04EC0-301F-11D3-BF4B-00C04F79EFBC}") = "RadioPlayer.Web", "src\RadioPlayer.Web\RadioPlayer.Web.csproj", "{6E6A9FB0-EDFD-4FC0-8330-253D8197622C}"
EndProject
Global
	GlobalSection(SolutionConfigurationPlatforms) = preSolution
		Debug|x64 = Debug|x64
		Debug|Any CPU = Debug|Any CPU
		Debug|x86 = Debug|x86
		Release|x64 = Release|x64
		Release|Any CPU = Release|Any CPU
		Release|x86 = Release|x86
	EndGlobalSection
	GlobalSection(ProjectConfigurationPlatforms) = postSolution
		{75312ED6-73FE-B7A1-F278-713788DFD6AB}.Debug|x64.ActiveCfg = Debug|x64
		{75312ED6-73FE-B7A1-F278-713788DFD6AB}.Debug|x64.Build.0 = Debug|x64
		{75312ED6-73FE-B7A1-F278-713788DFD6AB}.Debug|Any CPU.ActiveCfg = Debug|Any CPU
		{75312ED6-73FE-B7A1-F278-713788DFD6AB}.Debug|Any CPU.Build.0 = Debug|Any CPU
		{75312ED6-73FE-B7A1-F278-713788DFD6AB}.Debug|x86.ActiveCfg = Debug|Any CPU
		{75312ED6-73FE-B7A1-F278-713788DFD6AB}.Debug|x86.Build.0 = Debug|Any CPU
		{75312ED6-73FE-B7A1-F278-713788DFD6AB}.Release|x64.ActiveCfg = Release|x64
		{75312ED6-73FE-B7A1-F278-713788DFD6AB}.Release|x64.Build.0 = Release|x64
		{75312ED6-73FE-B7A1-F278-713788DFD6AB}.Release|Any CPU.ActiveCfg = Release|Any CPU
		{75312ED6-73FE-B7A1-F278-713788DFD6AB}.Release|Any CPU.Build.0 = Release|Any CPU
		{75312ED6-73FE-B7A1-F278-713788DFD6AB}.Release|x86.ActiveCfg = Release|Any CPU
		{75312ED6-73FE-B7A1-F278-713788DFD6AB}.Release|x86.Build.0 = Release|Any CPU
		{2C555B5E-282F-442E-900E-59D4A6FFBA6D}.Debug|x64.ActiveCfg = Debug|Any CPU
		{2C555B5E-282F-442E-900E-59D4A6FFBA6D}.Debug|x64.Build.0 = Debug|Any CPU
		{2C555B5E-282F-442E-900E-59D4A6FFBA6D}.Debug|Any CPU.ActiveCfg = Debug|Any CPU
		{2C555B5E-282F-442E-900E-59D4A6FFBA6D}.Debug|Any CPU.Build.0 = Debug|Any CPU
		{2C555B5E-282F-442E-900E-59D4A6FFBA6D}.Debug|x86.ActiveCfg = Debug|Any CPU
		{2C555B5E-282F-442E-900E-59D4A6FFBA6D}.Debug|x86.Build.0 = Debug|Any CPU
		{2C555B5E-282F-442E-900E-59D4A6FFBA6D}.Release|x64.ActiveCfg = Release|Any CPU
		{2C555B5E-282F-442E-900E-59D4A6FFBA6D}.Release|x64.Build.0 = Release|Any CPU
		{2C555B5E-282F-442E-900E-59D4A6FFBA6D}.Release|Any CPU.ActiveCfg = Release|Any CPU
		{2C555B5E-282F-442E-900E-59D4A6FFBA6D}.Release|Any CPU.Build.0 = Release|Any CPU
		{2C555B5E-282F-442E-900E-59D4A6FFBA6D}.Release|x86.ActiveCfg = Release|Any CPU
		{2C555B5E-282F-442E-900E-59D4A6FFBA6D}.Release|x86.Build.0 = Release|Any CPU
		{F5E61366-8D31-426D-89F9-35CFD79266B8}.Debug|x64.ActiveCfg = Debug|Any CPU
		{F5E61366-8D31-426D-89F9-35CFD79266B8}.Debug|x64.Build.0 = Debug|Any CPU
		{F5E61366-8D31-426D-89F9-35CFD79266B8}.Debug|Any CPU.ActiveCfg = Debug|Any CPU
		{F5E61366-8D31-426D-89F9-35CFD79266B8}.Debug|Any CPU.Build.0 = Debug|Any CPU
		{F5E61366-8D31-426D-89F9-35CFD79266B8}.Debug|x86.ActiveCfg = Debug|Any CPU
		{F5E61366-8D31-426D-89F9-35CFD79266B8}.Debug|x86.Build.0 = Debug|Any CPU
		{F5E61366-8D31-426D-89F9-35CFD79266B8}.Release|x64.ActiveCfg = Release|Any CPU
		{F5E61366-8D31-426D-89F9-35CFD79266B8}.Release|x64.Build.0 = Release|Any CPU
		{F5E61366-8D31-426D-89F9-35CFD79266B8}.Release|Any CPU.ActiveCfg = Release|Any CPU
		{F5E61366-8D31-426D-89F9-35CFD79266B8}.Release|Any CPU.Build.0 = Release|Any CPU
		{F5E61366-8D31-426D-89F9-35CFD79266B8}.Release|x86.ActiveCfg = Release|Any CPU
		{F5E61366-8D31-426D-89F9-35CFD79266B8}.Release|x86.Build.0 = Release|Any CPU
		{6E6A9FB0-EDFD-4FC0-8330-253D8197622C}.Debug|x64.ActiveCfg = Debug|Any CPU
		{6E6A9FB0-EDFD-4FC0-8330-253D8197622C}.Debug|x64.Build.0 = Debug|Any CPU
		{6E6A9FB0-EDFD-4FC0-8330-253D8197622C}.Debug|Any CPU.ActiveCfg = Debug|Any CPU
		{6E6A9FB0-EDFD-4FC0-8330-253D8197622C}.Debug|Any CPU.Build.0 = Debug|Any CPU
		{6E6A9FB0-EDFD-4FC0-8330-253D8197622C}.Debug|x86.ActiveCfg = Debug|Any CPU
		{6E6A9FB0-EDFD-4FC0-8330-253D8197622C}.Debug|x86.Build.0 = Debug|Any CPU
		{6E6A9FB0-EDFD-4FC0-8330-253D8197622C}.Release|x64.ActiveCfg = Release|Any CPU
		{6E6A9FB0-EDFD-4FC0-8330-253D8197622C}.Release|x64.Build.0 = Release|Any CPU
		{6E6A9FB0-EDFD-4FC0-8330-253D8197622C}.Release|Any CPU.ActiveCfg = Release|Any CPU
		{6E6A9FB0-EDFD-4FC0-8330-253D8197622C}.Release|Any CPU.Build.0 = Release|Any CPU
		{6E6A9FB0-EDFD-4FC0-8330-253D8197622C}.Release|x86.ActiveCfg = Release|Any CPU
		{6E6A9FB0-EDFD-4FC0-8330-253D8197622C}.Release|x86.Build.0 = Release|Any CPU
	EndGlobalSection
	GlobalSection(SolutionProperties) = preSolution
		HideSolutionNode = FALSE
	EndGlobalSection
	GlobalSection(NestedProjects) = preSolution
		{2C555B5E-282F-442E-900E-59D4A6FFBA6D} = {07C2787E-EAC7-C090-1BA3-A61EC2A24D84}
		{F5E61366-8D31-426D-89F9-35CFD79266B8} = {827E0CD3-B72D-47B6-A68D-7590B98EB39B}
		{6E6A9FB0-EDFD-4FC0-8330-253D8197622C} = {827E0CD3-B72D-47B6-A68D-7590B98EB39B}
	EndGlobalSection
	GlobalSection(ExtensibilityGlobals) = postSolution
		SolutionGuid = {C91E5C72-75A5-4C35-A6CA-7AB71E7C233B}
	EndGlobalSection
EndGlobal
